
Microsoft Visual Studio Solution File, Format Version 12.00
# Visual Studio Version 17
VisualStudioVersion = 17.4.33213.308
MinimumVisualStudioVersion = 10.0.40219.1
Project("{2150E333-8FDC-42A3-9474-1A3956D46DE8}") = "Src", "Src", "{51154C5E-4982-4234-A32E-6FE917F4887C}"
EndProject
Project("{2150E333-8FDC-42A3-9474-1A3956D46DE8}") = "Test", "Test", "{7942D939-4FF1-404B-B397-3561F2952292}"
EndProject
Project("{2150E333-8FDC-42A3-9474-1A3956D46DE8}") = "Core", "Core", "{C4F3B0C3-80F8-4644-A21C-5640FC06CE79}"
EndProject
Project("{2150E333-8FDC-42A3-9474-1A3956D46DE8}") = "Infrastructure", "Infrastructure", "{0DC59C7A-3860-49D6-8817-46DA4E5CE70B}"
EndProject
Project("{2150E333-8FDC-42A3-9474-1A3956D46DE8}") = "UI", "UI", "{F09E60A0-0960-4E88-B20E-3625888F7781}"
EndProject
Project("{2150E333-8FDC-42A3-9474-1A3956D46DE8}") = "API", "API", "{CCE0EA0F-9321-4015-B25E-AA70931939BF}"
EndProject
Project("{9A19103F-16F7-4668-BE54-9A1E7A4F7556}") = "EudoMenu.Domain", "EudoMenu.Domain\EudoMenu.Domain.csproj", "{58C59B78-29E7-4625-BD72-44444C4F2AD2}"
EndProject
Project("{9A19103F-16F7-4668-BE54-9A1E7A4F7556}") = "EudoMenu.Application", "EudoMenu.Application\EudoMenu.Application.csproj", "{A5C86E3B-CF97-4E48-BA30-65DCB0E7AD33}"
EndProject
Project("{9A19103F-16F7-4668-BE54-9A1E7A4F7556}") = "EudoMenu.Persistence", "EudoMenu.Persistence\EudoMenu.Persistence.csproj", "{47CA7EC3-3675-472E-AF4E-78FC1FBF7772}"
EndProject
Project("{FAE04EC0-301F-11D3-BF4B-00C04F79EFBC}") = "EudoMenu.Api", "EudoMenu.Api\EudoMenu.Api.csproj", "{79F5B1BB-FAFB-47B7-B3F4-B839FB6CF69C}"
EndProject
Project("{FAE04EC0-301F-11D3-BF4B-00C04F79EFBC}") = "EudoMenu.UnitTest", "EudoMenu.UnitTest\EudoMenu.UnitTest.csproj", "{B4375722-3FB4-40D6-BD50-EF96202787D3}"
EndProject
Global
	GlobalSection(SolutionConfigurationPlatforms) = preSolution
		Debug|Any CPU = Debug|Any CPU
		Release|Any CPU = Release|Any CPU
	EndGlobalSection
	GlobalSection(ProjectConfigurationPlatforms) = postSolution
		{58C59B78-29E7-4625-BD72-44444C4F2AD2}.Debug|Any CPU.ActiveCfg = Debug|Any CPU
		{58C59B78-29E7-4625-BD72-44444C4F2AD2}.Debug|Any CPU.Build.0 = Debug|Any CPU
		{58C59B78-29E7-4625-BD72-44444C4F2AD2}.Release|Any CPU.ActiveCfg = Release|Any CPU
		{58C59B78-29E7-4625-BD72-44444C4F2AD2}.Release|Any CPU.Build.0 = Release|Any CPU
		{A5C86E3B-CF97-4E48-BA30-65DCB0E7AD33}.Debug|Any CPU.ActiveCfg = Debug|Any CPU
		{A5C86E3B-CF97-4E48-BA30-65DCB0E7AD33}.Debug|Any CPU.Build.0 = Debug|Any CPU
		{A5C86E3B-CF97-4E48-BA30-65DCB0E7AD33}.Release|Any CPU.ActiveCfg = Release|Any CPU
		{A5C86E3B-CF97-4E48-BA30-65DCB0E7AD33}.Release|Any CPU.Build.0 = Release|Any CPU
		{47CA7EC3-3675-472E-AF4E-78FC1FBF7772}.Debug|Any CPU.ActiveCfg = Debug|Any CPU
		{47CA7EC3-3675-472E-AF4E-78FC1FBF7772}.Debug|Any CPU.Build.0 = Debug|Any CPU
		{47CA7EC3-3675-472E-AF4E-78FC1FBF7772}.Release|Any CPU.ActiveCfg = Release|Any CPU
		{47CA7EC3-3675-472E-AF4E-78FC1FBF7772}.Release|Any CPU.Build.0 = Release|Any CPU
		{79F5B1BB-FAFB-47B7-B3F4-B839FB6CF69C}.Debug|Any CPU.ActiveCfg = Debug|Any CPU
		{79F5B1BB-FAFB-47B7-B3F4-B839FB6CF69C}.Debug|Any CPU.Build.0 = Debug|Any CPU
		{79F5B1BB-FAFB-47B7-B3F4-B839FB6CF69C}.Release|Any CPU.ActiveCfg = Release|Any CPU
		{79F5B1BB-FAFB-47B7-B3F4-B839FB6CF69C}.Release|Any CPU.Build.0 = Release|Any CPU
		{B4375722-3FB4-40D6-BD50-EF96202787D3}.Debug|Any CPU.ActiveCfg = Debug|Any CPU
		{B4375722-3FB4-40D6-BD50-EF96202787D3}.Debug|Any CPU.Build.0 = Debug|Any CPU
		{B4375722-3FB4-40D6-BD50-EF96202787D3}.Release|Any CPU.ActiveCfg = Release|Any CPU
		{B4375722-3FB4-40D6-BD50-EF96202787D3}.Release|Any CPU.Build.0 = Release|Any CPU
	EndGlobalSection
	GlobalSection(SolutionProperties) = preSolution
		HideSolutionNode = FALSE
	EndGlobalSection
	GlobalSection(NestedProjects) = preSolution
		{C4F3B0C3-80F8-4644-A21C-5640FC06CE79} = {51154C5E-4982-4234-A32E-6FE917F4887C}
		{0DC59C7A-3860-49D6-8817-46DA4E5CE70B} = {51154C5E-4982-4234-A32E-6FE917F4887C}
		{F09E60A0-0960-4E88-B20E-3625888F7781} = {51154C5E-4982-4234-A32E-6FE917F4887C}
		{CCE0EA0F-9321-4015-B25E-AA70931939BF} = {51154C5E-4982-4234-A32E-6FE917F4887C}
		{58C59B78-29E7-4625-BD72-44444C4F2AD2} = {C4F3B0C3-80F8-4644-A21C-5640FC06CE79}
		{A5C86E3B-CF97-4E48-BA30-65DCB0E7AD33} = {C4F3B0C3-80F8-4644-A21C-5640FC06CE79}
		{47CA7EC3-3675-472E-AF4E-78FC1FBF7772} = {0DC59C7A-3860-49D6-8817-46DA4E5CE70B}
		{79F5B1BB-FAFB-47B7-B3F4-B839FB6CF69C} = {CCE0EA0F-9321-4015-B25E-AA70931939BF}
		{B4375722-3FB4-40D6-BD50-EF96202787D3} = {7942D939-4FF1-404B-B397-3561F2952292}
	EndGlobalSection
	GlobalSection(ExtensibilityGlobals) = postSolution
		SolutionGuid = {31E15404-FE10-44CA-BE9F-18588A516C7F}
	EndGlobalSection
EndGlobal
